// !$*UTF8*$!
{
	archiveVersion = 1;
	classes = {
	};
	objectVersion = 55;
	objects = {

/* Begin PBXBuildFile section */
		5E0A7276280FEEF9007D4704 /* ListSection.swift in Sources */ = {isa = PBXBuildFile; fileRef = 5E0A7275280FEEF9007D4704 /* ListSection.swift */; };
		5E34F3A828B4C0A5007FE175 /* HTTPMethod.swift in Sources */ = {isa = PBXBuildFile; fileRef = 5E34F3A728B4C0A5007FE175 /* HTTPMethod.swift */; };
		5E34F3AA28B4C0E9007FE175 /* APIService.swift in Sources */ = {isa = PBXBuildFile; fileRef = 5E34F3A928B4C0E9007FE175 /* APIService.swift */; };
		5E34F3B128B4C36A007FE175 /* NYTimesBooksListService.swift in Sources */ = {isa = PBXBuildFile; fileRef = 5E34F3B028B4C36A007FE175 /* NYTimesBooksListService.swift */; };
		5E57EDBD27DBB124001F8989 /* Routing.swift in Sources */ = {isa = PBXBuildFile; fileRef = 5E57EDBC27DBB124001F8989 /* Routing.swift */; };
		5E57EDBF27DBB129001F8989 /* Router.swift in Sources */ = {isa = PBXBuildFile; fileRef = 5E57EDBE27DBB129001F8989 /* Router.swift */; };
		5E57EDC127DBB12C001F8989 /* Route.swift in Sources */ = {isa = PBXBuildFile; fileRef = 5E57EDC027DBB12C001F8989 /* Route.swift */; };
		5E57EDC427DBB2D1001F8989 /* DependenciesInterface.swift in Sources */ = {isa = PBXBuildFile; fileRef = 5E57EDC327DBB2D1001F8989 /* DependenciesInterface.swift */; };
		5E57EDC627DBB2D7001F8989 /* Dependencies.swift in Sources */ = {isa = PBXBuildFile; fileRef = 5E57EDC527DBB2D7001F8989 /* Dependencies.swift */; };
		5E57EDC827DBB2E0001F8989 /* Dependency.swift in Sources */ = {isa = PBXBuildFile; fileRef = 5E57EDC727DBB2E0001F8989 /* Dependency.swift */; };
		5E57EDCA27DBB308001F8989 /* DependentStore.swift in Sources */ = {isa = PBXBuildFile; fileRef = 5E57EDC927DBB308001F8989 /* DependentStore.swift */; };
		5E57EDCC27DBB311001F8989 /* DependentViewController.swift in Sources */ = {isa = PBXBuildFile; fileRef = 5E57EDCB27DBB311001F8989 /* DependentViewController.swift */; };
		5E57EDCF27DBB3DB001F8989 /* PersistencyInterface.swift in Sources */ = {isa = PBXBuildFile; fileRef = 5E57EDCE27DBB3DB001F8989 /* PersistencyInterface.swift */; };
		5E57EDD127DBB3E4001F8989 /* Persistency.swift in Sources */ = {isa = PBXBuildFile; fileRef = 5E57EDD027DBB3E4001F8989 /* Persistency.swift */; };
		5E57EDD827DBB46F001F8989 /* ListPresenter.swift in Sources */ = {isa = PBXBuildFile; fileRef = 5E57EDD327DBB46F001F8989 /* ListPresenter.swift */; };
		5E57EDD927DBB46F001F8989 /* ListRouter.swift in Sources */ = {isa = PBXBuildFile; fileRef = 5E57EDD427DBB46F001F8989 /* ListRouter.swift */; };
		5E57EDDA27DBB46F001F8989 /* ListModels.swift in Sources */ = {isa = PBXBuildFile; fileRef = 5E57EDD527DBB46F001F8989 /* ListModels.swift */; };
		5E57EDDB27DBB46F001F8989 /* ListViewController.swift in Sources */ = {isa = PBXBuildFile; fileRef = 5E57EDD627DBB46F001F8989 /* ListViewController.swift */; };
		5E57EDDC27DBB46F001F8989 /* ListInteractor.swift in Sources */ = {isa = PBXBuildFile; fileRef = 5E57EDD727DBB46F001F8989 /* ListInteractor.swift */; };
		5E57EDE527DBB4A3001F8989 /* SplashPresenter.swift in Sources */ = {isa = PBXBuildFile; fileRef = 5E57EDE027DBB4A3001F8989 /* SplashPresenter.swift */; };
		5E57EDE627DBB4A3001F8989 /* SplashRouter.swift in Sources */ = {isa = PBXBuildFile; fileRef = 5E57EDE127DBB4A3001F8989 /* SplashRouter.swift */; };
		5E57EDE727DBB4A3001F8989 /* SplashModels.swift in Sources */ = {isa = PBXBuildFile; fileRef = 5E57EDE227DBB4A3001F8989 /* SplashModels.swift */; };
		5E57EDE827DBB4A3001F8989 /* SplashViewController.swift in Sources */ = {isa = PBXBuildFile; fileRef = 5E57EDE327DBB4A3001F8989 /* SplashViewController.swift */; };
		5E57EDE927DBB4A3001F8989 /* SplashInteractor.swift in Sources */ = {isa = PBXBuildFile; fileRef = 5E57EDE427DBB4A3001F8989 /* SplashInteractor.swift */; };
		5E57EDF027DBB4F8001F8989 /* DetailPresenter.swift in Sources */ = {isa = PBXBuildFile; fileRef = 5E57EDEB27DBB4F8001F8989 /* DetailPresenter.swift */; };
		5E57EDF127DBB4F8001F8989 /* DetailRouter.swift in Sources */ = {isa = PBXBuildFile; fileRef = 5E57EDEC27DBB4F8001F8989 /* DetailRouter.swift */; };
		5E57EDF227DBB4F8001F8989 /* DetailModels.swift in Sources */ = {isa = PBXBuildFile; fileRef = 5E57EDED27DBB4F8001F8989 /* DetailModels.swift */; };
		5E57EDF327DBB4F8001F8989 /* DetailViewController.swift in Sources */ = {isa = PBXBuildFile; fileRef = 5E57EDEE27DBB4F8001F8989 /* DetailViewController.swift */; };
		5E57EDF427DBB4F8001F8989 /* DetailInteractor.swift in Sources */ = {isa = PBXBuildFile; fileRef = 5E57EDEF27DBB4F8001F8989 /* DetailInteractor.swift */; };
		5E57EDF727DBB7AF001F8989 /* ItemDetails.swift in Sources */ = {isa = PBXBuildFile; fileRef = 5E57EDF627DBB7AF001F8989 /* ItemDetails.swift */; };
		5E57EDF927DBB7BB001F8989 /* ListItem.swift in Sources */ = {isa = PBXBuildFile; fileRef = 5E57EDF827DBB7BB001F8989 /* ListItem.swift */; };
		5E57EDFC27DBB8EE001F8989 /* Decodable+.swift in Sources */ = {isa = PBXBuildFile; fileRef = 5E57EDFB27DBB8EE001F8989 /* Decodable+.swift */; };
		5E57EE0127DBB9FC001F8989 /* APIClientInterface.swift in Sources */ = {isa = PBXBuildFile; fileRef = 5E57EE0027DBB9FC001F8989 /* APIClientInterface.swift */; };
		5E57EE0527DBBA0A001F8989 /* APIClientError.swift in Sources */ = {isa = PBXBuildFile; fileRef = 5E57EE0427DBBA0A001F8989 /* APIClientError.swift */; };
		5E57EE0B27DBBB0A001F8989 /* Endpoint.swift in Sources */ = {isa = PBXBuildFile; fileRef = 5E57EE0A27DBBB0A001F8989 /* Endpoint.swift */; };
		5E57EE0D27DBBB30001F8989 /* APIClient.swift in Sources */ = {isa = PBXBuildFile; fileRef = 5E57EE0C27DBBB30001F8989 /* APIClient.swift */; };
		5E57EE1027DBBECC001F8989 /* Fakery in Frameworks */ = {isa = PBXBuildFile; productRef = 5E57EE0F27DBBECC001F8989 /* Fakery */; };
		5E57EE1327DBBEFC001F8989 /* SnapKit in Frameworks */ = {isa = PBXBuildFile; productRef = 5E57EE1227DBBEFC001F8989 /* SnapKit */; };
		5E57EE1827DBDDD4001F8989 /* ListViewControllerTests.swift in Sources */ = {isa = PBXBuildFile; fileRef = 5E57EE1527DBDDD4001F8989 /* ListViewControllerTests.swift */; };
		5E57EE1927DBDDD4001F8989 /* ListInteractorTests.swift in Sources */ = {isa = PBXBuildFile; fileRef = 5E57EE1627DBDDD4001F8989 /* ListInteractorTests.swift */; };
		5E57EE1A27DBDDD4001F8989 /* ListPresenterTests.swift in Sources */ = {isa = PBXBuildFile; fileRef = 5E57EE1727DBDDD4001F8989 /* ListPresenterTests.swift */; };
		5E57EE2027DBDEE0001F8989 /* Books.swift in Sources */ = {isa = PBXBuildFile; fileRef = 5E57EE1F27DBDEE0001F8989 /* Books.swift */; };
		5E57EE2227DC9961001F8989 /* BooksWorker.swift in Sources */ = {isa = PBXBuildFile; fileRef = 5E57EE2127DC9961001F8989 /* BooksWorker.swift */; };
		5E57EE2427DC9970001F8989 /* BooksWorkerProtocol.swift in Sources */ = {isa = PBXBuildFile; fileRef = 5E57EE2327DC9970001F8989 /* BooksWorkerProtocol.swift */; };
		5E57EE2627DC997D001F8989 /* BooksFakeryStore.swift in Sources */ = {isa = PBXBuildFile; fileRef = 5E57EE2527DC997D001F8989 /* BooksFakeryStore.swift */; };
		5E57EE2827DC9987001F8989 /* BooksRemoteStoreProtocol.swift in Sources */ = {isa = PBXBuildFile; fileRef = 5E57EE2727DC9987001F8989 /* BooksRemoteStoreProtocol.swift */; };
		5E57EE2C27DC9AD8001F8989 /* BooksError.swift in Sources */ = {isa = PBXBuildFile; fileRef = 5E57EE2B27DC9AD8001F8989 /* BooksError.swift */; };
		5E57EE2E27DC9C36001F8989 /* BooksAPIStore.swift in Sources */ = {isa = PBXBuildFile; fileRef = 5E57EE2D27DC9C36001F8989 /* BooksAPIStore.swift */; };
		5E57EE3027DCA9E4001F8989 /* BooksWorkerTests.swift in Sources */ = {isa = PBXBuildFile; fileRef = 5E57EE2F27DCA9E4001F8989 /* BooksWorkerTests.swift */; };
		5E57EE3227DCAB0C001F8989 /* BookFakes.swift in Sources */ = {isa = PBXBuildFile; fileRef = 5E57EE3127DCAB0C001F8989 /* BookFakes.swift */; };
		5E57EE3427DCB8D4001F8989 /* DependenciesFake.swift in Sources */ = {isa = PBXBuildFile; fileRef = 5E57EE3327DCB8D4001F8989 /* DependenciesFake.swift */; };
		5E6574A027DD1632002622F3 /* SnapshotTesting in Frameworks */ = {isa = PBXBuildFile; productRef = 5E65749F27DD1632002622F3 /* SnapshotTesting */; };
		5E6574A227DD1658002622F3 /* ListSnapshots.swift in Sources */ = {isa = PBXBuildFile; fileRef = 5E6574A127DD1658002622F3 /* ListSnapshots.swift */; };
		5E6574A427DD18FB002622F3 /* DetailSnapshots.swift in Sources */ = {isa = PBXBuildFile; fileRef = 5E6574A327DD18FB002622F3 /* DetailSnapshots.swift */; };
		5EA5708627DD0FFF00942DB3 /* DetailViewControllerTests.swift in Sources */ = {isa = PBXBuildFile; fileRef = 5EA5708327DD0FFF00942DB3 /* DetailViewControllerTests.swift */; };
		5EA5708727DD0FFF00942DB3 /* DetailInteractorTests.swift in Sources */ = {isa = PBXBuildFile; fileRef = 5EA5708427DD0FFF00942DB3 /* DetailInteractorTests.swift */; };
		5EA5708827DD0FFF00942DB3 /* DetailPresenterTests.swift in Sources */ = {isa = PBXBuildFile; fileRef = 5EA5708527DD0FFF00942DB3 /* DetailPresenterTests.swift */; };
		5EAC40D527DCDB9600B615CC /* ListTableHandler.swift in Sources */ = {isa = PBXBuildFile; fileRef = 5EAC40D427DCDB9600B615CC /* ListTableHandler.swift */; };
		5EAC40D727DCDBD500B615CC /* ListCell.swift in Sources */ = {isa = PBXBuildFile; fileRef = 5EAC40D627DCDBD500B615CC /* ListCell.swift */; };
		5EAC40DA27DCDCB200B615CC /* UITableViewCell+.swift in Sources */ = {isa = PBXBuildFile; fileRef = 5EAC40D927DCDCB200B615CC /* UITableViewCell+.swift */; };
		5EAC40DC27DCDCC100B615CC /* UITableView+.swift in Sources */ = {isa = PBXBuildFile; fileRef = 5EAC40DB27DCDCC100B615CC /* UITableView+.swift */; };
		5EAC40DE27DCDCF600B615CC /* UITableViewHeaderFooterView+.swift in Sources */ = {isa = PBXBuildFile; fileRef = 5EAC40DD27DCDCF600B615CC /* UITableViewHeaderFooterView+.swift */; };
		5EAC40E027DCDE1D00B615CC /* UIStackView+.swift in Sources */ = {isa = PBXBuildFile; fileRef = 5EAC40DF27DCDE1D00B615CC /* UIStackView+.swift */; };
		5EAC40E327DCF23E00B615CC /* BottomUpPresentation.swift in Sources */ = {isa = PBXBuildFile; fileRef = 5EAC40E227DCF23E00B615CC /* BottomUpPresentation.swift */; };
		5EAC40E527DCF29900B615CC /* CustomPresentedViewController.swift in Sources */ = {isa = PBXBuildFile; fileRef = 5EAC40E427DCF29900B615CC /* CustomPresentedViewController.swift */; };
		5EAC40E727DCF2D000B615CC /* ToBottomDismissal.swift in Sources */ = {isa = PBXBuildFile; fileRef = 5EAC40E627DCF2D000B615CC /* ToBottomDismissal.swift */; };
		5EC7D39A27DBAF6B00FC0F7B /* AppDelegate.swift in Sources */ = {isa = PBXBuildFile; fileRef = 5EC7D39927DBAF6B00FC0F7B /* AppDelegate.swift */; };
		5EC7D3A327DBAF6C00FC0F7B /* Assets.xcassets in Resources */ = {isa = PBXBuildFile; fileRef = 5EC7D3A227DBAF6C00FC0F7B /* Assets.xcassets */; };
		5EC7D3A627DBAF6C00FC0F7B /* LaunchScreen.storyboard in Resources */ = {isa = PBXBuildFile; fileRef = 5EC7D3A427DBAF6C00FC0F7B /* LaunchScreen.storyboard */; };
		5EC7D3BB27DBAF6C00FC0F7B /* BooksUITests.swift in Sources */ = {isa = PBXBuildFile; fileRef = 5EC7D3BA27DBAF6C00FC0F7B /* BooksUITests.swift */; };
/* End PBXBuildFile section */

/* Begin PBXContainerItemProxy section */
		5EC7D3AD27DBAF6C00FC0F7B /* PBXContainerItemProxy */ = {
			isa = PBXContainerItemProxy;
			containerPortal = 5EC7D38E27DBAF6B00FC0F7B /* Project object */;
			proxyType = 1;
			remoteGlobalIDString = 5EC7D39527DBAF6B00FC0F7B;
			remoteInfo = Books;
		};
		5EC7D3B727DBAF6C00FC0F7B /* PBXContainerItemProxy */ = {
			isa = PBXContainerItemProxy;
			containerPortal = 5EC7D38E27DBAF6B00FC0F7B /* Project object */;
			proxyType = 1;
			remoteGlobalIDString = 5EC7D39527DBAF6B00FC0F7B;
			remoteInfo = Books;
		};
/* End PBXContainerItemProxy section */

/* Begin PBXFileReference section */
		5E0A7275280FEEF9007D4704 /* ListSection.swift */ = {isa = PBXFileReference; lastKnownFileType = sourcecode.swift; path = ListSection.swift; sourceTree = "<group>"; };
		5E34F3A728B4C0A5007FE175 /* HTTPMethod.swift */ = {isa = PBXFileReference; lastKnownFileType = sourcecode.swift; path = HTTPMethod.swift; sourceTree = "<group>"; };
		5E34F3A928B4C0E9007FE175 /* APIService.swift */ = {isa = PBXFileReference; lastKnownFileType = sourcecode.swift; path = APIService.swift; sourceTree = "<group>"; };
		5E34F3B028B4C36A007FE175 /* NYTimesBooksListService.swift */ = {isa = PBXFileReference; lastKnownFileType = sourcecode.swift; path = NYTimesBooksListService.swift; sourceTree = "<group>"; };
		5E57EDBC27DBB124001F8989 /* Routing.swift */ = {isa = PBXFileReference; lastKnownFileType = sourcecode.swift; path = Routing.swift; sourceTree = "<group>"; };
		5E57EDBE27DBB129001F8989 /* Router.swift */ = {isa = PBXFileReference; lastKnownFileType = sourcecode.swift; path = Router.swift; sourceTree = "<group>"; };
		5E57EDC027DBB12C001F8989 /* Route.swift */ = {isa = PBXFileReference; lastKnownFileType = sourcecode.swift; path = Route.swift; sourceTree = "<group>"; };
		5E57EDC327DBB2D1001F8989 /* DependenciesInterface.swift */ = {isa = PBXFileReference; lastKnownFileType = sourcecode.swift; path = DependenciesInterface.swift; sourceTree = "<group>"; };
		5E57EDC527DBB2D7001F8989 /* Dependencies.swift */ = {isa = PBXFileReference; lastKnownFileType = sourcecode.swift; path = Dependencies.swift; sourceTree = "<group>"; };
		5E57EDC727DBB2E0001F8989 /* Dependency.swift */ = {isa = PBXFileReference; lastKnownFileType = sourcecode.swift; path = Dependency.swift; sourceTree = "<group>"; };
		5E57EDC927DBB308001F8989 /* DependentStore.swift */ = {isa = PBXFileReference; lastKnownFileType = sourcecode.swift; path = DependentStore.swift; sourceTree = "<group>"; };
		5E57EDCB27DBB311001F8989 /* DependentViewController.swift */ = {isa = PBXFileReference; lastKnownFileType = sourcecode.swift; path = DependentViewController.swift; sourceTree = "<group>"; };
		5E57EDCE27DBB3DB001F8989 /* PersistencyInterface.swift */ = {isa = PBXFileReference; lastKnownFileType = sourcecode.swift; path = PersistencyInterface.swift; sourceTree = "<group>"; };
		5E57EDD027DBB3E4001F8989 /* Persistency.swift */ = {isa = PBXFileReference; lastKnownFileType = sourcecode.swift; path = Persistency.swift; sourceTree = "<group>"; };
		5E57EDD327DBB46F001F8989 /* ListPresenter.swift */ = {isa = PBXFileReference; lastKnownFileType = sourcecode.swift; path = ListPresenter.swift; sourceTree = "<group>"; };
		5E57EDD427DBB46F001F8989 /* ListRouter.swift */ = {isa = PBXFileReference; lastKnownFileType = sourcecode.swift; path = ListRouter.swift; sourceTree = "<group>"; };
		5E57EDD527DBB46F001F8989 /* ListModels.swift */ = {isa = PBXFileReference; lastKnownFileType = sourcecode.swift; path = ListModels.swift; sourceTree = "<group>"; };
		5E57EDD627DBB46F001F8989 /* ListViewController.swift */ = {isa = PBXFileReference; lastKnownFileType = sourcecode.swift; path = ListViewController.swift; sourceTree = "<group>"; };
		5E57EDD727DBB46F001F8989 /* ListInteractor.swift */ = {isa = PBXFileReference; lastKnownFileType = sourcecode.swift; path = ListInteractor.swift; sourceTree = "<group>"; };
		5E57EDE027DBB4A3001F8989 /* SplashPresenter.swift */ = {isa = PBXFileReference; lastKnownFileType = sourcecode.swift; path = SplashPresenter.swift; sourceTree = "<group>"; };
		5E57EDE127DBB4A3001F8989 /* SplashRouter.swift */ = {isa = PBXFileReference; lastKnownFileType = sourcecode.swift; path = SplashRouter.swift; sourceTree = "<group>"; };
		5E57EDE227DBB4A3001F8989 /* SplashModels.swift */ = {isa = PBXFileReference; lastKnownFileType = sourcecode.swift; path = SplashModels.swift; sourceTree = "<group>"; };
		5E57EDE327DBB4A3001F8989 /* SplashViewController.swift */ = {isa = PBXFileReference; lastKnownFileType = sourcecode.swift; path = SplashViewController.swift; sourceTree = "<group>"; };
		5E57EDE427DBB4A3001F8989 /* SplashInteractor.swift */ = {isa = PBXFileReference; lastKnownFileType = sourcecode.swift; path = SplashInteractor.swift; sourceTree = "<group>"; };
		5E57EDEB27DBB4F8001F8989 /* DetailPresenter.swift */ = {isa = PBXFileReference; lastKnownFileType = sourcecode.swift; path = DetailPresenter.swift; sourceTree = "<group>"; };
		5E57EDEC27DBB4F8001F8989 /* DetailRouter.swift */ = {isa = PBXFileReference; lastKnownFileType = sourcecode.swift; path = DetailRouter.swift; sourceTree = "<group>"; };
		5E57EDED27DBB4F8001F8989 /* DetailModels.swift */ = {isa = PBXFileReference; lastKnownFileType = sourcecode.swift; path = DetailModels.swift; sourceTree = "<group>"; };
		5E57EDEE27DBB4F8001F8989 /* DetailViewController.swift */ = {isa = PBXFileReference; lastKnownFileType = sourcecode.swift; path = DetailViewController.swift; sourceTree = "<group>"; };
		5E57EDEF27DBB4F8001F8989 /* DetailInteractor.swift */ = {isa = PBXFileReference; lastKnownFileType = sourcecode.swift; path = DetailInteractor.swift; sourceTree = "<group>"; };
		5E57EDF627DBB7AF001F8989 /* ItemDetails.swift */ = {isa = PBXFileReference; lastKnownFileType = sourcecode.swift; path = ItemDetails.swift; sourceTree = "<group>"; };
		5E57EDF827DBB7BB001F8989 /* ListItem.swift */ = {isa = PBXFileReference; lastKnownFileType = sourcecode.swift; path = ListItem.swift; sourceTree = "<group>"; };
		5E57EDFB27DBB8EE001F8989 /* Decodable+.swift */ = {isa = PBXFileReference; lastKnownFileType = sourcecode.swift; path = "Decodable+.swift"; sourceTree = "<group>"; };
		5E57EE0027DBB9FC001F8989 /* APIClientInterface.swift */ = {isa = PBXFileReference; lastKnownFileType = sourcecode.swift; path = APIClientInterface.swift; sourceTree = "<group>"; };
		5E57EE0427DBBA0A001F8989 /* APIClientError.swift */ = {isa = PBXFileReference; lastKnownFileType = sourcecode.swift; path = APIClientError.swift; sourceTree = "<group>"; };
		5E57EE0A27DBBB0A001F8989 /* Endpoint.swift */ = {isa = PBXFileReference; lastKnownFileType = sourcecode.swift; path = Endpoint.swift; sourceTree = "<group>"; };
		5E57EE0C27DBBB30001F8989 /* APIClient.swift */ = {isa = PBXFileReference; lastKnownFileType = sourcecode.swift; path = APIClient.swift; sourceTree = "<group>"; };
		5E57EE1527DBDDD4001F8989 /* ListViewControllerTests.swift */ = {isa = PBXFileReference; lastKnownFileType = sourcecode.swift; path = ListViewControllerTests.swift; sourceTree = "<group>"; };
		5E57EE1627DBDDD4001F8989 /* ListInteractorTests.swift */ = {isa = PBXFileReference; lastKnownFileType = sourcecode.swift; path = ListInteractorTests.swift; sourceTree = "<group>"; };
		5E57EE1727DBDDD4001F8989 /* ListPresenterTests.swift */ = {isa = PBXFileReference; lastKnownFileType = sourcecode.swift; path = ListPresenterTests.swift; sourceTree = "<group>"; };
		5E57EE1F27DBDEE0001F8989 /* Books.swift */ = {isa = PBXFileReference; lastKnownFileType = sourcecode.swift; path = Books.swift; sourceTree = "<group>"; };
		5E57EE2127DC9961001F8989 /* BooksWorker.swift */ = {isa = PBXFileReference; lastKnownFileType = sourcecode.swift; path = BooksWorker.swift; sourceTree = "<group>"; };
		5E57EE2327DC9970001F8989 /* BooksWorkerProtocol.swift */ = {isa = PBXFileReference; lastKnownFileType = sourcecode.swift; path = BooksWorkerProtocol.swift; sourceTree = "<group>"; };
		5E57EE2527DC997D001F8989 /* BooksFakeryStore.swift */ = {isa = PBXFileReference; lastKnownFileType = sourcecode.swift; path = BooksFakeryStore.swift; sourceTree = "<group>"; };
		5E57EE2727DC9987001F8989 /* BooksRemoteStoreProtocol.swift */ = {isa = PBXFileReference; lastKnownFileType = sourcecode.swift; path = BooksRemoteStoreProtocol.swift; sourceTree = "<group>"; };
		5E57EE2B27DC9AD8001F8989 /* BooksError.swift */ = {isa = PBXFileReference; lastKnownFileType = sourcecode.swift; path = BooksError.swift; sourceTree = "<group>"; };
		5E57EE2D27DC9C36001F8989 /* BooksAPIStore.swift */ = {isa = PBXFileReference; lastKnownFileType = sourcecode.swift; path = BooksAPIStore.swift; sourceTree = "<group>"; };
		5E57EE2F27DCA9E4001F8989 /* BooksWorkerTests.swift */ = {isa = PBXFileReference; lastKnownFileType = sourcecode.swift; path = BooksWorkerTests.swift; sourceTree = "<group>"; };
		5E57EE3127DCAB0C001F8989 /* BookFakes.swift */ = {isa = PBXFileReference; lastKnownFileType = sourcecode.swift; path = BookFakes.swift; sourceTree = "<group>"; };
		5E57EE3327DCB8D4001F8989 /* DependenciesFake.swift */ = {isa = PBXFileReference; lastKnownFileType = sourcecode.swift; path = DependenciesFake.swift; sourceTree = "<group>"; };
		5E6574A127DD1658002622F3 /* ListSnapshots.swift */ = {isa = PBXFileReference; lastKnownFileType = sourcecode.swift; path = ListSnapshots.swift; sourceTree = "<group>"; };
		5E6574A327DD18FB002622F3 /* DetailSnapshots.swift */ = {isa = PBXFileReference; lastKnownFileType = sourcecode.swift; path = DetailSnapshots.swift; sourceTree = "<group>"; };
		5EA5708327DD0FFF00942DB3 /* DetailViewControllerTests.swift */ = {isa = PBXFileReference; lastKnownFileType = sourcecode.swift; path = DetailViewControllerTests.swift; sourceTree = "<group>"; };
		5EA5708427DD0FFF00942DB3 /* DetailInteractorTests.swift */ = {isa = PBXFileReference; lastKnownFileType = sourcecode.swift; path = DetailInteractorTests.swift; sourceTree = "<group>"; };
		5EA5708527DD0FFF00942DB3 /* DetailPresenterTests.swift */ = {isa = PBXFileReference; lastKnownFileType = sourcecode.swift; path = DetailPresenterTests.swift; sourceTree = "<group>"; };
		5EAC40D427DCDB9600B615CC /* ListTableHandler.swift */ = {isa = PBXFileReference; lastKnownFileType = sourcecode.swift; path = ListTableHandler.swift; sourceTree = "<group>"; };
		5EAC40D627DCDBD500B615CC /* ListCell.swift */ = {isa = PBXFileReference; lastKnownFileType = sourcecode.swift; path = ListCell.swift; sourceTree = "<group>"; };
		5EAC40D927DCDCB200B615CC /* UITableViewCell+.swift */ = {isa = PBXFileReference; lastKnownFileType = sourcecode.swift; path = "UITableViewCell+.swift"; sourceTree = "<group>"; };
		5EAC40DB27DCDCC100B615CC /* UITableView+.swift */ = {isa = PBXFileReference; lastKnownFileType = sourcecode.swift; path = "UITableView+.swift"; sourceTree = "<group>"; };
		5EAC40DD27DCDCF600B615CC /* UITableViewHeaderFooterView+.swift */ = {isa = PBXFileReference; lastKnownFileType = sourcecode.swift; path = "UITableViewHeaderFooterView+.swift"; sourceTree = "<group>"; };
		5EAC40DF27DCDE1D00B615CC /* UIStackView+.swift */ = {isa = PBXFileReference; lastKnownFileType = sourcecode.swift; path = "UIStackView+.swift"; sourceTree = "<group>"; };
		5EAC40E227DCF23E00B615CC /* BottomUpPresentation.swift */ = {isa = PBXFileReference; lastKnownFileType = sourcecode.swift; path = BottomUpPresentation.swift; sourceTree = "<group>"; };
		5EAC40E427DCF29900B615CC /* CustomPresentedViewController.swift */ = {isa = PBXFileReference; lastKnownFileType = sourcecode.swift; path = CustomPresentedViewController.swift; sourceTree = "<group>"; };
		5EAC40E627DCF2D000B615CC /* ToBottomDismissal.swift */ = {isa = PBXFileReference; lastKnownFileType = sourcecode.swift; path = ToBottomDismissal.swift; sourceTree = "<group>"; };
		5EC7D39627DBAF6B00FC0F7B /* Books.app */ = {isa = PBXFileReference; explicitFileType = wrapper.application; includeInIndex = 0; path = Books.app; sourceTree = BUILT_PRODUCTS_DIR; };
		5EC7D39927DBAF6B00FC0F7B /* AppDelegate.swift */ = {isa = PBXFileReference; lastKnownFileType = sourcecode.swift; path = AppDelegate.swift; sourceTree = "<group>"; };
		5EC7D3A227DBAF6C00FC0F7B /* Assets.xcassets */ = {isa = PBXFileReference; lastKnownFileType = folder.assetcatalog; path = Assets.xcassets; sourceTree = "<group>"; };
		5EC7D3A527DBAF6C00FC0F7B /* Base */ = {isa = PBXFileReference; lastKnownFileType = file.storyboard; name = Base; path = Base.lproj/LaunchScreen.storyboard; sourceTree = "<group>"; };
		5EC7D3A727DBAF6C00FC0F7B /* Info.plist */ = {isa = PBXFileReference; lastKnownFileType = text.plist.xml; path = Info.plist; sourceTree = "<group>"; };
		5EC7D3AC27DBAF6C00FC0F7B /* BooksTests.xctest */ = {isa = PBXFileReference; explicitFileType = wrapper.cfbundle; includeInIndex = 0; path = BooksTests.xctest; sourceTree = BUILT_PRODUCTS_DIR; };
		5EC7D3B627DBAF6C00FC0F7B /* BooksUITests.xctest */ = {isa = PBXFileReference; explicitFileType = wrapper.cfbundle; includeInIndex = 0; path = BooksUITests.xctest; sourceTree = BUILT_PRODUCTS_DIR; };
		5EC7D3BA27DBAF6C00FC0F7B /* BooksUITests.swift */ = {isa = PBXFileReference; lastKnownFileType = sourcecode.swift; path = BooksUITests.swift; sourceTree = "<group>"; };
/* End PBXFileReference section */

/* Begin PBXFrameworksBuildPhase section */
		5EC7D39327DBAF6B00FC0F7B /* Frameworks */ = {
			isa = PBXFrameworksBuildPhase;
			buildActionMask = 2147483647;
			files = (
				5E57EE1027DBBECC001F8989 /* Fakery in Frameworks */,
				5E57EE1327DBBEFC001F8989 /* SnapKit in Frameworks */,
			);
			runOnlyForDeploymentPostprocessing = 0;
		};
		5EC7D3A927DBAF6C00FC0F7B /* Frameworks */ = {
			isa = PBXFrameworksBuildPhase;
			buildActionMask = 2147483647;
			files = (
				5E6574A027DD1632002622F3 /* SnapshotTesting in Frameworks */,
			);
			runOnlyForDeploymentPostprocessing = 0;
		};
		5EC7D3B327DBAF6C00FC0F7B /* Frameworks */ = {
			isa = PBXFrameworksBuildPhase;
			buildActionMask = 2147483647;
			files = (
			);
			runOnlyForDeploymentPostprocessing = 0;
		};
/* End PBXFrameworksBuildPhase section */

/* Begin PBXGroup section */
		5E57EDBB27DBB10F001F8989 /* Routing */ = {
			isa = PBXGroup;
			children = (
				5E57EDBC27DBB124001F8989 /* Routing.swift */,
				5E57EDBE27DBB129001F8989 /* Router.swift */,
				5E57EDC027DBB12C001F8989 /* Route.swift */,
			);
			path = Routing;
			sourceTree = "<group>";
		};
		5E57EDC227DBB2C5001F8989 /* Dependencies */ = {
			isa = PBXGroup;
			children = (
				5E57EDFF27DBB9D8001F8989 /* APIClient */,
				5E57EDCD27DBB3B1001F8989 /* Persistency */,
				5E57EDC327DBB2D1001F8989 /* DependenciesInterface.swift */,
				5E57EDC527DBB2D7001F8989 /* Dependencies.swift */,
				5E57EDC727DBB2E0001F8989 /* Dependency.swift */,
				5E57EDC927DBB308001F8989 /* DependentStore.swift */,
				5E57EDCB27DBB311001F8989 /* DependentViewController.swift */,
			);
			path = Dependencies;
			sourceTree = "<group>";
		};
		5E57EDCD27DBB3B1001F8989 /* Persistency */ = {
			isa = PBXGroup;
			children = (
				5E57EDCE27DBB3DB001F8989 /* PersistencyInterface.swift */,
				5E57EDD027DBB3E4001F8989 /* Persistency.swift */,
			);
			path = Persistency;
			sourceTree = "<group>";
		};
		5E57EDD227DBB459001F8989 /* Scenes */ = {
			isa = PBXGroup;
			children = (
				5E57EDDF27DBB48B001F8989 /* Splash */,
				5E57EDDE27DBB482001F8989 /* List */,
				5E57EDEA27DBB4D6001F8989 /* Detail */,
			);
			path = Scenes;
			sourceTree = "<group>";
		};
		5E57EDDE27DBB482001F8989 /* List */ = {
			isa = PBXGroup;
			children = (
				5E57EDD327DBB46F001F8989 /* ListPresenter.swift */,
				5E57EDD427DBB46F001F8989 /* ListRouter.swift */,
				5E57EDD527DBB46F001F8989 /* ListModels.swift */,
				5E57EDD627DBB46F001F8989 /* ListViewController.swift */,
				5E57EDD727DBB46F001F8989 /* ListInteractor.swift */,
				5EAC40D827DCDBDA00B615CC /* ListTable */,
			);
			path = List;
			sourceTree = "<group>";
		};
		5E57EDDF27DBB48B001F8989 /* Splash */ = {
			isa = PBXGroup;
			children = (
				5E57EDE027DBB4A3001F8989 /* SplashPresenter.swift */,
				5E57EDE127DBB4A3001F8989 /* SplashRouter.swift */,
				5E57EDE227DBB4A3001F8989 /* SplashModels.swift */,
				5E57EDE327DBB4A3001F8989 /* SplashViewController.swift */,
				5E57EDE427DBB4A3001F8989 /* SplashInteractor.swift */,
			);
			path = Splash;
			sourceTree = "<group>";
		};
		5E57EDEA27DBB4D6001F8989 /* Detail */ = {
			isa = PBXGroup;
			children = (
				5E57EDEB27DBB4F8001F8989 /* DetailPresenter.swift */,
				5E57EDEC27DBB4F8001F8989 /* DetailRouter.swift */,
				5E57EDED27DBB4F8001F8989 /* DetailModels.swift */,
				5E57EDEE27DBB4F8001F8989 /* DetailViewController.swift */,
				5E57EDEF27DBB4F8001F8989 /* DetailInteractor.swift */,
			);
			path = Detail;
			sourceTree = "<group>";
		};
		5E57EDF527DBB789001F8989 /* Model */ = {
			isa = PBXGroup;
			children = (
				5E57EDF827DBB7BB001F8989 /* ListItem.swift */,
				5E0A7275280FEEF9007D4704 /* ListSection.swift */,
				5E57EDF627DBB7AF001F8989 /* ItemDetails.swift */,
				5E57EE1F27DBDEE0001F8989 /* Books.swift */,
			);
			path = Model;
			sourceTree = "<group>";
		};
		5E57EDFA27DBB8E4001F8989 /* Extensions */ = {
			isa = PBXGroup;
			children = (
				5E57EDFB27DBB8EE001F8989 /* Decodable+.swift */,
				5EAC40D927DCDCB200B615CC /* UITableViewCell+.swift */,
				5EAC40DB27DCDCC100B615CC /* UITableView+.swift */,
				5EAC40DD27DCDCF600B615CC /* UITableViewHeaderFooterView+.swift */,
				5EAC40DF27DCDE1D00B615CC /* UIStackView+.swift */,
			);
			path = Extensions;
			sourceTree = "<group>";
		};
		5E57EDFF27DBB9D8001F8989 /* APIClient */ = {
			isa = PBXGroup;
			children = (
				5E57EE0027DBB9FC001F8989 /* APIClientInterface.swift */,
				5E34F3A928B4C0E9007FE175 /* APIService.swift */,
				5E34F3B028B4C36A007FE175 /* NYTimesBooksListService.swift */,
				5E57EE0427DBBA0A001F8989 /* APIClientError.swift */,
				5E57EE0A27DBBB0A001F8989 /* Endpoint.swift */,
				5E34F3A728B4C0A5007FE175 /* HTTPMethod.swift */,
				5E57EE0C27DBBB30001F8989 /* APIClient.swift */,
			);
			path = APIClient;
			sourceTree = "<group>";
		};
		5E57EE1C27DBDDEF001F8989 /* BooksList */ = {
			isa = PBXGroup;
			children = (
				5E57EE1527DBDDD4001F8989 /* ListViewControllerTests.swift */,
				5E57EE1627DBDDD4001F8989 /* ListInteractorTests.swift */,
				5E57EE1727DBDDD4001F8989 /* ListPresenterTests.swift */,
				5E6574A127DD1658002622F3 /* ListSnapshots.swift */,
			);
			path = BooksList;
			sourceTree = "<group>";
		};
		5E57EE2927DC998C001F8989 /* WorkersStores */ = {
			isa = PBXGroup;
			children = (
				5E57EE2A27DC9994001F8989 /* Books */,
			);
			path = WorkersStores;
			sourceTree = "<group>";
		};
		5E57EE2A27DC9994001F8989 /* Books */ = {
			isa = PBXGroup;
			children = (
				5E57EE2B27DC9AD8001F8989 /* BooksError.swift */,
				5E57EE2327DC9970001F8989 /* BooksWorkerProtocol.swift */,
				5E57EE2127DC9961001F8989 /* BooksWorker.swift */,
				5E57EE2727DC9987001F8989 /* BooksRemoteStoreProtocol.swift */,
				5E57EE2527DC997D001F8989 /* BooksFakeryStore.swift */,
				5E57EE2D27DC9C36001F8989 /* BooksAPIStore.swift */,
			);
			path = Books;
			sourceTree = "<group>";
		};
		5E57EE3527DCB8DC001F8989 /* Fakes */ = {
			isa = PBXGroup;
			children = (
				5E57EE3127DCAB0C001F8989 /* BookFakes.swift */,
				5E57EE3327DCB8D4001F8989 /* DependenciesFake.swift */,
			);
			path = Fakes;
			sourceTree = "<group>";
		};
		5EA5708227DD0FEA00942DB3 /* BookDetail */ = {
			isa = PBXGroup;
			children = (
				5EA5708327DD0FFF00942DB3 /* DetailViewControllerTests.swift */,
				5EA5708427DD0FFF00942DB3 /* DetailInteractorTests.swift */,
				5EA5708527DD0FFF00942DB3 /* DetailPresenterTests.swift */,
				5E6574A327DD18FB002622F3 /* DetailSnapshots.swift */,
			);
			path = BookDetail;
			sourceTree = "<group>";
		};
		5EAC40D827DCDBDA00B615CC /* ListTable */ = {
			isa = PBXGroup;
			children = (
				5EAC40D427DCDB9600B615CC /* ListTableHandler.swift */,
				5EAC40D627DCDBD500B615CC /* ListCell.swift */,
			);
			path = ListTable;
			sourceTree = "<group>";
		};
		5EAC40E127DCF22F00B615CC /* Presentations */ = {
			isa = PBXGroup;
			children = (
				5EAC40E427DCF29900B615CC /* CustomPresentedViewController.swift */,
				5EAC40E227DCF23E00B615CC /* BottomUpPresentation.swift */,
				5EAC40E627DCF2D000B615CC /* ToBottomDismissal.swift */,
			);
			path = Presentations;
			sourceTree = "<group>";
		};
		5EC7D38D27DBAF6B00FC0F7B = {
			isa = PBXGroup;
			children = (
				5EC7D39827DBAF6B00FC0F7B /* Books */,
				5EC7D3AF27DBAF6C00FC0F7B /* BooksTests */,
				5EC7D3B927DBAF6C00FC0F7B /* BooksUITests */,
				5EC7D39727DBAF6B00FC0F7B /* Products */,
			);
			sourceTree = "<group>";
		};
		5EC7D39727DBAF6B00FC0F7B /* Products */ = {
			isa = PBXGroup;
			children = (
				5EC7D39627DBAF6B00FC0F7B /* Books.app */,
				5EC7D3AC27DBAF6C00FC0F7B /* BooksTests.xctest */,
				5EC7D3B627DBAF6C00FC0F7B /* BooksUITests.xctest */,
			);
			name = Products;
			sourceTree = "<group>";
		};
		5EC7D39827DBAF6B00FC0F7B /* Books */ = {
			isa = PBXGroup;
			children = (
				5EC7D39927DBAF6B00FC0F7B /* AppDelegate.swift */,
				5E57EDD227DBB459001F8989 /* Scenes */,
				5E57EDBB27DBB10F001F8989 /* Routing */,
				5E57EDC227DBB2C5001F8989 /* Dependencies */,
				5E57EDF527DBB789001F8989 /* Model */,
				5E57EDFA27DBB8E4001F8989 /* Extensions */,
				5EAC40E127DCF22F00B615CC /* Presentations */,
				5EC7D3A227DBAF6C00FC0F7B /* Assets.xcassets */,
				5EC7D3A427DBAF6C00FC0F7B /* LaunchScreen.storyboard */,
				5EC7D3A727DBAF6C00FC0F7B /* Info.plist */,
				5E57EE2927DC998C001F8989 /* WorkersStores */,
			);
			path = Books;
			sourceTree = "<group>";
		};
		5EC7D3AF27DBAF6C00FC0F7B /* BooksTests */ = {
			isa = PBXGroup;
			children = (
				5E57EE1C27DBDDEF001F8989 /* BooksList */,
				5EA5708227DD0FEA00942DB3 /* BookDetail */,
				5E57EE2F27DCA9E4001F8989 /* BooksWorkerTests.swift */,
				5E57EE3527DCB8DC001F8989 /* Fakes */,
			);
			path = BooksTests;
			sourceTree = "<group>";
		};
		5EC7D3B927DBAF6C00FC0F7B /* BooksUITests */ = {
			isa = PBXGroup;
			children = (
				5EC7D3BA27DBAF6C00FC0F7B /* BooksUITests.swift */,
			);
			path = BooksUITests;
			sourceTree = "<group>";
		};
/* End PBXGroup section */

/* Begin PBXNativeTarget section */
		5EC7D39527DBAF6B00FC0F7B /* Books */ = {
			isa = PBXNativeTarget;
			buildConfigurationList = 5EC7D3C027DBAF6C00FC0F7B /* Build configuration list for PBXNativeTarget "Books" */;
			buildPhases = (
				5EC7D39227DBAF6B00FC0F7B /* Sources */,
				5EC7D39327DBAF6B00FC0F7B /* Frameworks */,
				5EC7D39427DBAF6B00FC0F7B /* Resources */,
			);
			buildRules = (
			);
			dependencies = (
			);
			name = Books;
			packageProductDependencies = (
				5E57EE0F27DBBECC001F8989 /* Fakery */,
				5E57EE1227DBBEFC001F8989 /* SnapKit */,
			);
			productName = Books;
			productReference = 5EC7D39627DBAF6B00FC0F7B /* Books.app */;
			productType = "com.apple.product-type.application";
		};
		5EC7D3AB27DBAF6C00FC0F7B /* BooksTests */ = {
			isa = PBXNativeTarget;
			buildConfigurationList = 5EC7D3C327DBAF6C00FC0F7B /* Build configuration list for PBXNativeTarget "BooksTests" */;
			buildPhases = (
				5EC7D3A827DBAF6C00FC0F7B /* Sources */,
				5EC7D3A927DBAF6C00FC0F7B /* Frameworks */,
				5EC7D3AA27DBAF6C00FC0F7B /* Resources */,
			);
			buildRules = (
			);
			dependencies = (
				5EC7D3AE27DBAF6C00FC0F7B /* PBXTargetDependency */,
			);
			name = BooksTests;
			packageProductDependencies = (
				5E65749F27DD1632002622F3 /* SnapshotTesting */,
			);
			productName = BooksTests;
			productReference = 5EC7D3AC27DBAF6C00FC0F7B /* BooksTests.xctest */;
			productType = "com.apple.product-type.bundle.unit-test";
		};
		5EC7D3B527DBAF6C00FC0F7B /* BooksUITests */ = {
			isa = PBXNativeTarget;
			buildConfigurationList = 5EC7D3C627DBAF6C00FC0F7B /* Build configuration list for PBXNativeTarget "BooksUITests" */;
			buildPhases = (
				5EC7D3B227DBAF6C00FC0F7B /* Sources */,
				5EC7D3B327DBAF6C00FC0F7B /* Frameworks */,
				5EC7D3B427DBAF6C00FC0F7B /* Resources */,
			);
			buildRules = (
			);
			dependencies = (
				5EC7D3B827DBAF6C00FC0F7B /* PBXTargetDependency */,
			);
			name = BooksUITests;
			productName = BooksUITests;
			productReference = 5EC7D3B627DBAF6C00FC0F7B /* BooksUITests.xctest */;
			productType = "com.apple.product-type.bundle.ui-testing";
		};
/* End PBXNativeTarget section */

/* Begin PBXProject section */
		5EC7D38E27DBAF6B00FC0F7B /* Project object */ = {
			isa = PBXProject;
			attributes = {
				BuildIndependentTargetsInParallel = 1;
				LastSwiftUpdateCheck = 1320;
				LastUpgradeCheck = 1320;
				TargetAttributes = {
					5EC7D39527DBAF6B00FC0F7B = {
						CreatedOnToolsVersion = 13.2.1;
					};
					5EC7D3AB27DBAF6C00FC0F7B = {
						CreatedOnToolsVersion = 13.2.1;
						TestTargetID = 5EC7D39527DBAF6B00FC0F7B;
					};
					5EC7D3B527DBAF6C00FC0F7B = {
						CreatedOnToolsVersion = 13.2.1;
						TestTargetID = 5EC7D39527DBAF6B00FC0F7B;
					};
				};
			};
			buildConfigurationList = 5EC7D39127DBAF6B00FC0F7B /* Build configuration list for PBXProject "Books" */;
			compatibilityVersion = "Xcode 13.0";
			developmentRegion = en;
			hasScannedForEncodings = 0;
			knownRegions = (
				en,
				Base,
			);
			mainGroup = 5EC7D38D27DBAF6B00FC0F7B;
			packageReferences = (
				5E57EE0E27DBBECC001F8989 /* XCRemoteSwiftPackageReference "Fakery" */,
				5E57EE1127DBBEFC001F8989 /* XCRemoteSwiftPackageReference "SnapKit" */,
				5E65749E27DD1632002622F3 /* XCRemoteSwiftPackageReference "swift-snapshot-testing" */,
			);
			productRefGroup = 5EC7D39727DBAF6B00FC0F7B /* Products */;
			projectDirPath = "";
			projectRoot = "";
			targets = (
				5EC7D39527DBAF6B00FC0F7B /* Books */,
				5EC7D3AB27DBAF6C00FC0F7B /* BooksTests */,
				5EC7D3B527DBAF6C00FC0F7B /* BooksUITests */,
			);
		};
/* End PBXProject section */

/* Begin PBXResourcesBuildPhase section */
		5EC7D39427DBAF6B00FC0F7B /* Resources */ = {
			isa = PBXResourcesBuildPhase;
			buildActionMask = 2147483647;
			files = (
				5EC7D3A627DBAF6C00FC0F7B /* LaunchScreen.storyboard in Resources */,
				5EC7D3A327DBAF6C00FC0F7B /* Assets.xcassets in Resources */,
			);
			runOnlyForDeploymentPostprocessing = 0;
		};
		5EC7D3AA27DBAF6C00FC0F7B /* Resources */ = {
			isa = PBXResourcesBuildPhase;
			buildActionMask = 2147483647;
			files = (
			);
			runOnlyForDeploymentPostprocessing = 0;
		};
		5EC7D3B427DBAF6C00FC0F7B /* Resources */ = {
			isa = PBXResourcesBuildPhase;
			buildActionMask = 2147483647;
			files = (
			);
			runOnlyForDeploymentPostprocessing = 0;
		};
/* End PBXResourcesBuildPhase section */

/* Begin PBXSourcesBuildPhase section */
		5EC7D39227DBAF6B00FC0F7B /* Sources */ = {
			isa = PBXSourcesBuildPhase;
			buildActionMask = 2147483647;
			files = (
				5E57EDDA27DBB46F001F8989 /* ListModels.swift in Sources */,
				5E57EDCF27DBB3DB001F8989 /* PersistencyInterface.swift in Sources */,
				5E57EDC627DBB2D7001F8989 /* Dependencies.swift in Sources */,
				5EAC40D727DCDBD500B615CC /* ListCell.swift in Sources */,
				5E57EDF427DBB4F8001F8989 /* DetailInteractor.swift in Sources */,
				5E57EDF227DBB4F8001F8989 /* DetailModels.swift in Sources */,
				5E57EDE627DBB4A3001F8989 /* SplashRouter.swift in Sources */,
				5EAC40E527DCF29900B615CC /* CustomPresentedViewController.swift in Sources */,
				5E57EE2827DC9987001F8989 /* BooksRemoteStoreProtocol.swift in Sources */,
				5E57EDCA27DBB308001F8989 /* DependentStore.swift in Sources */,
				5EAC40DE27DCDCF600B615CC /* UITableViewHeaderFooterView+.swift in Sources */,
				5E57EDE927DBB4A3001F8989 /* SplashInteractor.swift in Sources */,
				5E57EDC427DBB2D1001F8989 /* DependenciesInterface.swift in Sources */,
				5E57EDC827DBB2E0001F8989 /* Dependency.swift in Sources */,
				5EAC40DA27DCDCB200B615CC /* UITableViewCell+.swift in Sources */,
				5E57EDF927DBB7BB001F8989 /* ListItem.swift in Sources */,
				5E57EE0D27DBBB30001F8989 /* APIClient.swift in Sources */,
				5E57EDBF27DBB129001F8989 /* Router.swift in Sources */,
				5E57EDF127DBB4F8001F8989 /* DetailRouter.swift in Sources */,
				5E57EDE727DBB4A3001F8989 /* SplashModels.swift in Sources */,
				5E57EE2C27DC9AD8001F8989 /* BooksError.swift in Sources */,
				5E57EE2227DC9961001F8989 /* BooksWorker.swift in Sources */,
				5E57EE2627DC997D001F8989 /* BooksFakeryStore.swift in Sources */,
				5E57EDF327DBB4F8001F8989 /* DetailViewController.swift in Sources */,
				5E57EDCC27DBB311001F8989 /* DependentViewController.swift in Sources */,
				5E57EDD927DBB46F001F8989 /* ListRouter.swift in Sources */,
				5E57EDE827DBB4A3001F8989 /* SplashViewController.swift in Sources */,
				5E57EE0527DBBA0A001F8989 /* APIClientError.swift in Sources */,
				5EC7D39A27DBAF6B00FC0F7B /* AppDelegate.swift in Sources */,
				5E34F3A828B4C0A5007FE175 /* HTTPMethod.swift in Sources */,
				5E57EDD127DBB3E4001F8989 /* Persistency.swift in Sources */,
				5E57EDF027DBB4F8001F8989 /* DetailPresenter.swift in Sources */,
				5E57EDD827DBB46F001F8989 /* ListPresenter.swift in Sources */,
				5E57EDC127DBB12C001F8989 /* Route.swift in Sources */,
				5E57EE2427DC9970001F8989 /* BooksWorkerProtocol.swift in Sources */,
				5E34F3AA28B4C0E9007FE175 /* APIService.swift in Sources */,
				5E57EDDB27DBB46F001F8989 /* ListViewController.swift in Sources */,
				5E57EDDC27DBB46F001F8989 /* ListInteractor.swift in Sources */,
				5E34F3B128B4C36A007FE175 /* NYTimesBooksListService.swift in Sources */,
				5E57EE0127DBB9FC001F8989 /* APIClientInterface.swift in Sources */,
				5EAC40D527DCDB9600B615CC /* ListTableHandler.swift in Sources */,
				5E57EE2027DBDEE0001F8989 /* Books.swift in Sources */,
				5EAC40DC27DCDCC100B615CC /* UITableView+.swift in Sources */,
				5E57EDF727DBB7AF001F8989 /* ItemDetails.swift in Sources */,
				5E57EE2E27DC9C36001F8989 /* BooksAPIStore.swift in Sources */,
				5E57EDBD27DBB124001F8989 /* Routing.swift in Sources */,
				5E57EDE527DBB4A3001F8989 /* SplashPresenter.swift in Sources */,
				5E57EE0B27DBBB0A001F8989 /* Endpoint.swift in Sources */,
				5EAC40E727DCF2D000B615CC /* ToBottomDismissal.swift in Sources */,
				5EAC40E327DCF23E00B615CC /* BottomUpPresentation.swift in Sources */,
				5E57EDFC27DBB8EE001F8989 /* Decodable+.swift in Sources */,
				5EAC40E027DCDE1D00B615CC /* UIStackView+.swift in Sources */,
				5E0A7276280FEEF9007D4704 /* ListSection.swift in Sources */,
			);
			runOnlyForDeploymentPostprocessing = 0;
		};
		5EC7D3A827DBAF6C00FC0F7B /* Sources */ = {
			isa = PBXSourcesBuildPhase;
			buildActionMask = 2147483647;
			files = (
				5EA5708827DD0FFF00942DB3 /* DetailPresenterTests.swift in Sources */,
				5E57EE3027DCA9E4001F8989 /* BooksWorkerTests.swift in Sources */,
				5E57EE3427DCB8D4001F8989 /* DependenciesFake.swift in Sources */,
				5E57EE3227DCAB0C001F8989 /* BookFakes.swift in Sources */,
				5E57EE1927DBDDD4001F8989 /* ListInteractorTests.swift in Sources */,
				5E6574A227DD1658002622F3 /* ListSnapshots.swift in Sources */,
				5E6574A427DD18FB002622F3 /* DetailSnapshots.swift in Sources */,
				5EA5708627DD0FFF00942DB3 /* DetailViewControllerTests.swift in Sources */,
				5E57EE1827DBDDD4001F8989 /* ListViewControllerTests.swift in Sources */,
				5E57EE1A27DBDDD4001F8989 /* ListPresenterTests.swift in Sources */,
				5EA5708727DD0FFF00942DB3 /* DetailInteractorTests.swift in Sources */,
			);
			runOnlyForDeploymentPostprocessing = 0;
		};
		5EC7D3B227DBAF6C00FC0F7B /* Sources */ = {
			isa = PBXSourcesBuildPhase;
			buildActionMask = 2147483647;
			files = (
				5EC7D3BB27DBAF6C00FC0F7B /* BooksUITests.swift in Sources */,
			);
			runOnlyForDeploymentPostprocessing = 0;
		};
/* End PBXSourcesBuildPhase section */

/* Begin PBXTargetDependency section */
		5EC7D3AE27DBAF6C00FC0F7B /* PBXTargetDependency */ = {
			isa = PBXTargetDependency;
			target = 5EC7D39527DBAF6B00FC0F7B /* Books */;
			targetProxy = 5EC7D3AD27DBAF6C00FC0F7B /* PBXContainerItemProxy */;
		};
		5EC7D3B827DBAF6C00FC0F7B /* PBXTargetDependency */ = {
			isa = PBXTargetDependency;
			target = 5EC7D39527DBAF6B00FC0F7B /* Books */;
			targetProxy = 5EC7D3B727DBAF6C00FC0F7B /* PBXContainerItemProxy */;
		};
/* End PBXTargetDependency section */

/* Begin PBXVariantGroup section */
		5EC7D3A427DBAF6C00FC0F7B /* LaunchScreen.storyboard */ = {
			isa = PBXVariantGroup;
			children = (
				5EC7D3A527DBAF6C00FC0F7B /* Base */,
			);
			name = LaunchScreen.storyboard;
			sourceTree = "<group>";
		};
/* End PBXVariantGroup section */

/* Begin XCBuildConfiguration section */
		5EC7D3BE27DBAF6C00FC0F7B /* Debug */ = {
			isa = XCBuildConfiguration;
			buildSettings = {
				ALWAYS_SEARCH_USER_PATHS = NO;
				CLANG_ANALYZER_NONNULL = YES;
				CLANG_ANALYZER_NUMBER_OBJECT_CONVERSION = YES_AGGRESSIVE;
				CLANG_CXX_LANGUAGE_STANDARD = "gnu++17";
				CLANG_CXX_LIBRARY = "libc++";
				CLANG_ENABLE_MODULES = YES;
				CLANG_ENABLE_OBJC_ARC = YES;
				CLANG_ENABLE_OBJC_WEAK = YES;
				CLANG_WARN_BLOCK_CAPTURE_AUTORELEASING = YES;
				CLANG_WARN_BOOL_CONVERSION = YES;
				CLANG_WARN_COMMA = YES;
				CLANG_WARN_CONSTANT_CONVERSION = YES;
				CLANG_WARN_DEPRECATED_OBJC_IMPLEMENTATIONS = YES;
				CLANG_WARN_DIRECT_OBJC_ISA_USAGE = YES_ERROR;
				CLANG_WARN_DOCUMENTATION_COMMENTS = YES;
				CLANG_WARN_EMPTY_BODY = YES;
				CLANG_WARN_ENUM_CONVERSION = YES;
				CLANG_WARN_INFINITE_RECURSION = YES;
				CLANG_WARN_INT_CONVERSION = YES;
				CLANG_WARN_NON_LITERAL_NULL_CONVERSION = YES;
				CLANG_WARN_OBJC_IMPLICIT_RETAIN_SELF = YES;
				CLANG_WARN_OBJC_LITERAL_CONVERSION = YES;
				CLANG_WARN_OBJC_ROOT_CLASS = YES_ERROR;
				CLANG_WARN_QUOTED_INCLUDE_IN_FRAMEWORK_HEADER = YES;
				CLANG_WARN_RANGE_LOOP_ANALYSIS = YES;
				CLANG_WARN_STRICT_PROTOTYPES = YES;
				CLANG_WARN_SUSPICIOUS_MOVE = YES;
				CLANG_WARN_UNGUARDED_AVAILABILITY = YES_AGGRESSIVE;
				CLANG_WARN_UNREACHABLE_CODE = YES;
				CLANG_WARN__DUPLICATE_METHOD_MATCH = YES;
				COPY_PHASE_STRIP = NO;
				DEBUG_INFORMATION_FORMAT = dwarf;
				ENABLE_STRICT_OBJC_MSGSEND = YES;
				ENABLE_TESTABILITY = YES;
				GCC_C_LANGUAGE_STANDARD = gnu11;
				GCC_DYNAMIC_NO_PIC = NO;
				GCC_NO_COMMON_BLOCKS = YES;
				GCC_OPTIMIZATION_LEVEL = 0;
				GCC_PREPROCESSOR_DEFINITIONS = (
					"DEBUG=1",
					"$(inherited)",
				);
				GCC_WARN_64_TO_32_BIT_CONVERSION = YES;
				GCC_WARN_ABOUT_RETURN_TYPE = YES_ERROR;
				GCC_WARN_UNDECLARED_SELECTOR = YES;
				GCC_WARN_UNINITIALIZED_AUTOS = YES_AGGRESSIVE;
				GCC_WARN_UNUSED_FUNCTION = YES;
				GCC_WARN_UNUSED_VARIABLE = YES;
				IPHONEOS_DEPLOYMENT_TARGET = 15.2;
				MTL_ENABLE_DEBUG_INFO = INCLUDE_SOURCE;
				MTL_FAST_MATH = YES;
				ONLY_ACTIVE_ARCH = YES;
				SDKROOT = iphoneos;
				SWIFT_ACTIVE_COMPILATION_CONDITIONS = DEBUG;
				SWIFT_OPTIMIZATION_LEVEL = "-Onone";
			};
			name = Debug;
		};
		5EC7D3BF27DBAF6C00FC0F7B /* Release */ = {
			isa = XCBuildConfiguration;
			buildSettings = {
				ALWAYS_SEARCH_USER_PATHS = NO;
				CLANG_ANALYZER_NONNULL = YES;
				CLANG_ANALYZER_NUMBER_OBJECT_CONVERSION = YES_AGGRESSIVE;
				CLANG_CXX_LANGUAGE_STANDARD = "gnu++17";
				CLANG_CXX_LIBRARY = "libc++";
				CLANG_ENABLE_MODULES = YES;
				CLANG_ENABLE_OBJC_ARC = YES;
				CLANG_ENABLE_OBJC_WEAK = YES;
				CLANG_WARN_BLOCK_CAPTURE_AUTORELEASING = YES;
				CLANG_WARN_BOOL_CONVERSION = YES;
				CLANG_WARN_COMMA = YES;
				CLANG_WARN_CONSTANT_CONVERSION = YES;
				CLANG_WARN_DEPRECATED_OBJC_IMPLEMENTATIONS = YES;
				CLANG_WARN_DIRECT_OBJC_ISA_USAGE = YES_ERROR;
				CLANG_WARN_DOCUMENTATION_COMMENTS = YES;
				CLANG_WARN_EMPTY_BODY = YES;
				CLANG_WARN_ENUM_CONVERSION = YES;
				CLANG_WARN_INFINITE_RECURSION = YES;
				CLANG_WARN_INT_CONVERSION = YES;
				CLANG_WARN_NON_LITERAL_NULL_CONVERSION = YES;
				CLANG_WARN_OBJC_IMPLICIT_RETAIN_SELF = YES;
				CLANG_WARN_OBJC_LITERAL_CONVERSION = YES;
				CLANG_WARN_OBJC_ROOT_CLASS = YES_ERROR;
				CLANG_WARN_QUOTED_INCLUDE_IN_FRAMEWORK_HEADER = YES;
				CLANG_WARN_RANGE_LOOP_ANALYSIS = YES;
				CLANG_WARN_STRICT_PROTOTYPES = YES;
				CLANG_WARN_SUSPICIOUS_MOVE = YES;
				CLANG_WARN_UNGUARDED_AVAILABILITY = YES_AGGRESSIVE;
				CLANG_WARN_UNREACHABLE_CODE = YES;
				CLANG_WARN__DUPLICATE_METHOD_MATCH = YES;
				COPY_PHASE_STRIP = NO;
				DEBUG_INFORMATION_FORMAT = "dwarf-with-dsym";
				ENABLE_NS_ASSERTIONS = NO;
				ENABLE_STRICT_OBJC_MSGSEND = YES;
				GCC_C_LANGUAGE_STANDARD = gnu11;
				GCC_NO_COMMON_BLOCKS = YES;
				GCC_WARN_64_TO_32_BIT_CONVERSION = YES;
				GCC_WARN_ABOUT_RETURN_TYPE = YES_ERROR;
				GCC_WARN_UNDECLARED_SELECTOR = YES;
				GCC_WARN_UNINITIALIZED_AUTOS = YES_AGGRESSIVE;
				GCC_WARN_UNUSED_FUNCTION = YES;
				GCC_WARN_UNUSED_VARIABLE = YES;
				IPHONEOS_DEPLOYMENT_TARGET = 15.2;
				MTL_ENABLE_DEBUG_INFO = NO;
				MTL_FAST_MATH = YES;
				SDKROOT = iphoneos;
				SWIFT_COMPILATION_MODE = wholemodule;
				SWIFT_OPTIMIZATION_LEVEL = "-O";
				VALIDATE_PRODUCT = YES;
			};
			name = Release;
		};
		5EC7D3C127DBAF6C00FC0F7B /* Debug */ = {
			isa = XCBuildConfiguration;
			buildSettings = {
				ASSETCATALOG_COMPILER_APPICON_NAME = AppIcon;
				ASSETCATALOG_COMPILER_GLOBAL_ACCENT_COLOR_NAME = AccentColor;
				CODE_SIGN_STYLE = Automatic;
				CURRENT_PROJECT_VERSION = 1;
				DEVELOPMENT_TEAM = 7NK7KHJRM7;
				GENERATE_INFOPLIST_FILE = YES;
				INFOPLIST_FILE = Books/Info.plist;
				INFOPLIST_KEY_CFBundleDisplayName = Books;
				INFOPLIST_KEY_NSMainNibFile = "";
				INFOPLIST_KEY_UIApplicationSupportsIndirectInputEvents = YES;
				INFOPLIST_KEY_UILaunchStoryboardName = LaunchScreen;
				INFOPLIST_KEY_UISupportedInterfaceOrientations_iPad = "UIInterfaceOrientationPortrait UIInterfaceOrientationPortraitUpsideDown UIInterfaceOrientationLandscapeLeft UIInterfaceOrientationLandscapeRight";
				INFOPLIST_KEY_UISupportedInterfaceOrientations_iPhone = "UIInterfaceOrientationPortrait UIInterfaceOrientationLandscapeLeft UIInterfaceOrientationLandscapeRight";
				INFOPLIST_KEY_UIUserInterfaceStyle = Light;
				LD_RUNPATH_SEARCH_PATHS = (
					"$(inherited)",
					"@executable_path/Frameworks",
				);
				MARKETING_VERSION = 1.0;
				PRODUCT_BUNDLE_IDENTIFIER = com.phonegroove.books;
				PRODUCT_NAME = "$(TARGET_NAME)";
				SWIFT_EMIT_LOC_STRINGS = YES;
				SWIFT_VERSION = 5.0;
				TARGETED_DEVICE_FAMILY = "1,2";
			};
			name = Debug;
		};
		5EC7D3C227DBAF6C00FC0F7B /* Release */ = {
			isa = XCBuildConfiguration;
			buildSettings = {
				ASSETCATALOG_COMPILER_APPICON_NAME = AppIcon;
				ASSETCATALOG_COMPILER_GLOBAL_ACCENT_COLOR_NAME = AccentColor;
				CODE_SIGN_STYLE = Automatic;
				CURRENT_PROJECT_VERSION = 1;
				DEVELOPMENT_TEAM = 7NK7KHJRM7;
				GENERATE_INFOPLIST_FILE = YES;
				INFOPLIST_FILE = Books/Info.plist;
				INFOPLIST_KEY_CFBundleDisplayName = Books;
				INFOPLIST_KEY_NSMainNibFile = "";
				INFOPLIST_KEY_UIApplicationSupportsIndirectInputEvents = YES;
				INFOPLIST_KEY_UILaunchStoryboardName = LaunchScreen;
				INFOPLIST_KEY_UISupportedInterfaceOrientations_iPad = "UIInterfaceOrientationPortrait UIInterfaceOrientationPortraitUpsideDown UIInterfaceOrientationLandscapeLeft UIInterfaceOrientationLandscapeRight";
				INFOPLIST_KEY_UISupportedInterfaceOrientations_iPhone = "UIInterfaceOrientationPortrait UIInterfaceOrientationLandscapeLeft UIInterfaceOrientationLandscapeRight";
				INFOPLIST_KEY_UIUserInterfaceStyle = Light;
				LD_RUNPATH_SEARCH_PATHS = (
					"$(inherited)",
					"@executable_path/Frameworks",
				);
				MARKETING_VERSION = 1.0;
				PRODUCT_BUNDLE_IDENTIFIER = com.phonegroove.books;
				PRODUCT_NAME = "$(TARGET_NAME)";
				SWIFT_EMIT_LOC_STRINGS = YES;
				SWIFT_VERSION = 5.0;
				TARGETED_DEVICE_FAMILY = "1,2";
			};
			name = Release;
		};
		5EC7D3C427DBAF6C00FC0F7B /* Debug */ = {
			isa = XCBuildConfiguration;
			buildSettings = {
				ALWAYS_EMBED_SWIFT_STANDARD_LIBRARIES = YES;
				BUNDLE_LOADER = "$(TEST_HOST)";
				CODE_SIGN_STYLE = Automatic;
				CURRENT_PROJECT_VERSION = 1;
				DEVELOPMENT_TEAM = 7NK7KHJRM7;
				GENERATE_INFOPLIST_FILE = YES;
				IPHONEOS_DEPLOYMENT_TARGET = 15.2;
				MARKETING_VERSION = 1.0;
				PRODUCT_BUNDLE_IDENTIFIER = com.phonegroove.books.BooksTests;
				PRODUCT_NAME = "$(TARGET_NAME)";
				SWIFT_EMIT_LOC_STRINGS = NO;
				SWIFT_VERSION = 5.0;
				TARGETED_DEVICE_FAMILY = "1,2";
				TEST_HOST = "$(BUILT_PRODUCTS_DIR)/Books.app/Books";
			};
			name = Debug;
		};
		5EC7D3C527DBAF6C00FC0F7B /* Release */ = {
			isa = XCBuildConfiguration;
			buildSettings = {
				ALWAYS_EMBED_SWIFT_STANDARD_LIBRARIES = YES;
				BUNDLE_LOADER = "$(TEST_HOST)";
				CODE_SIGN_STYLE = Automatic;
				CURRENT_PROJECT_VERSION = 1;
				DEVELOPMENT_TEAM = 7NK7KHJRM7;
				GENERATE_INFOPLIST_FILE = YES;
				IPHONEOS_DEPLOYMENT_TARGET = 15.2;
				MARKETING_VERSION = 1.0;
				PRODUCT_BUNDLE_IDENTIFIER = com.phonegroove.books.BooksTests;
				PRODUCT_NAME = "$(TARGET_NAME)";
				SWIFT_EMIT_LOC_STRINGS = NO;
				SWIFT_VERSION = 5.0;
				TARGETED_DEVICE_FAMILY = "1,2";
				TEST_HOST = "$(BUILT_PRODUCTS_DIR)/Books.app/Books";
			};
			name = Release;
		};
		5EC7D3C727DBAF6C00FC0F7B /* Debug */ = {
			isa = XCBuildConfiguration;
			buildSettings = {
				ALWAYS_EMBED_SWIFT_STANDARD_LIBRARIES = YES;
				CODE_SIGN_STYLE = Automatic;
				CURRENT_PROJECT_VERSION = 1;
				DEVELOPMENT_TEAM = 7NK7KHJRM7;
				GENERATE_INFOPLIST_FILE = YES;
				MARKETING_VERSION = 1.0;
				PRODUCT_BUNDLE_IDENTIFIER = com.phonegroove.books.BooksUITests;
				PRODUCT_NAME = "$(TARGET_NAME)";
				SWIFT_EMIT_LOC_STRINGS = NO;
				SWIFT_VERSION = 5.0;
				TARGETED_DEVICE_FAMILY = "1,2";
				TEST_TARGET_NAME = Books;
			};
			name = Debug;
		};
		5EC7D3C827DBAF6C00FC0F7B /* Release */ = {
			isa = XCBuildConfiguration;
			buildSettings = {
				ALWAYS_EMBED_SWIFT_STANDARD_LIBRARIES = YES;
				CODE_SIGN_STYLE = Automatic;
				CURRENT_PROJECT_VERSION = 1;
				DEVELOPMENT_TEAM = 7NK7KHJRM7;
				GENERATE_INFOPLIST_FILE = YES;
				MARKETING_VERSION = 1.0;
				PRODUCT_BUNDLE_IDENTIFIER = com.phonegroove.books.BooksUITests;
				PRODUCT_NAME = "$(TARGET_NAME)";
				SWIFT_EMIT_LOC_STRINGS = NO;
				SWIFT_VERSION = 5.0;
				TARGETED_DEVICE_FAMILY = "1,2";
				TEST_TARGET_NAME = Books;
			};
			name = Release;
		};
/* End XCBuildConfiguration section */

/* Begin XCConfigurationList section */
		5EC7D39127DBAF6B00FC0F7B /* Build configuration list for PBXProject "Books" */ = {
			isa = XCConfigurationList;
			buildConfigurations = (
				5EC7D3BE27DBAF6C00FC0F7B /* Debug */,
				5EC7D3BF27DBAF6C00FC0F7B /* Release */,
			);
			defaultConfigurationIsVisible = 0;
			defaultConfigurationName = Release;
		};
		5EC7D3C027DBAF6C00FC0F7B /* Build configuration list for PBXNativeTarget "Books" */ = {
			isa = XCConfigurationList;
			buildConfigurations = (
				5EC7D3C127DBAF6C00FC0F7B /* Debug */,
				5EC7D3C227DBAF6C00FC0F7B /* Release */,
			);
			defaultConfigurationIsVisible = 0;
			defaultConfigurationName = Release;
		};
		5EC7D3C327DBAF6C00FC0F7B /* Build configuration list for PBXNativeTarget "BooksTests" */ = {
			isa = XCConfigurationList;
			buildConfigurations = (
				5EC7D3C427DBAF6C00FC0F7B /* Debug */,
				5EC7D3C527DBAF6C00FC0F7B /* Release */,
			);
			defaultConfigurationIsVisible = 0;
			defaultConfigurationName = Release;
		};
		5EC7D3C627DBAF6C00FC0F7B /* Build configuration list for PBXNativeTarget "BooksUITests" */ = {
			isa = XCConfigurationList;
			buildConfigurations = (
				5EC7D3C727DBAF6C00FC0F7B /* Debug */,
				5EC7D3C827DBAF6C00FC0F7B /* Release */,
			);
			defaultConfigurationIsVisible = 0;
			defaultConfigurationName = Release;
		};
/* End XCConfigurationList section */

/* Begin XCRemoteSwiftPackageReference section */
		5E57EE0E27DBBECC001F8989 /* XCRemoteSwiftPackageReference "Fakery" */ = {
			isa = XCRemoteSwiftPackageReference;
			repositoryURL = "https://github.com/vadymmarkov/Fakery";
			requirement = {
				kind = upToNextMajorVersion;
				minimumVersion = 5.0.0;
			};
		};
		5E57EE1127DBBEFC001F8989 /* XCRemoteSwiftPackageReference "SnapKit" */ = {
			isa = XCRemoteSwiftPackageReference;
			repositoryURL = "https://github.com/SnapKit/SnapKit.git";
			requirement = {
				kind = upToNextMajorVersion;
				minimumVersion = 5.0.0;
			};
		};
		5E65749E27DD1632002622F3 /* XCRemoteSwiftPackageReference "swift-snapshot-testing" */ = {
			isa = XCRemoteSwiftPackageReference;
			repositoryURL = "https://github.com/pointfreeco/swift-snapshot-testing.git";
			requirement = {
				kind = upToNextMajorVersion;
				minimumVersion = 1.0.0;
			};
		};
/* End XCRemoteSwiftPackageReference section */

/* Begin XCSwiftPackageProductDependency section */
		5E57EE0F27DBBECC001F8989 /* Fakery */ = {
			isa = XCSwiftPackageProductDependency;
			package = 5E57EE0E27DBBECC001F8989 /* XCRemoteSwiftPackageReference "Fakery" */;
			productName = Fakery;
		};
		5E57EE1227DBBEFC001F8989 /* SnapKit */ = {
			isa = XCSwiftPackageProductDependency;
			package = 5E57EE1127DBBEFC001F8989 /* XCRemoteSwiftPackageReference "SnapKit" */;
			productName = SnapKit;
		};
		5E65749F27DD1632002622F3 /* SnapshotTesting */ = {
			isa = XCSwiftPackageProductDependency;
			package = 5E65749E27DD1632002622F3 /* XCRemoteSwiftPackageReference "swift-snapshot-testing" */;
			productName = SnapshotTesting;
		};
/* End XCSwiftPackageProductDependency section */
	};
	rootObject = 5EC7D38E27DBAF6B00FC0F7B /* Project object */;
}
