{
  "object": {
    "pins": [
      {
        "package": "Fakery",
        "repositoryURL": "https://github.com/vadymmarkov/Fakery",
        "state": {
          "branch": null,
          "revision": "71cb3bf36a808534659d1248780c2bf3c4c4fc91",
          "version": "5.1.0"
        }
      },
      {
        "package": "SnapKit",
        "repositoryURL": "https://github.com/SnapKit/SnapKit.git",
        "state": {
          "branch": null,
          "revision": "d458564516e5676af9c70b4f4b2a9178294f1bc6",
          "version": "5.0.1"
        }
      }
    ]
  },
  "version": 1
}
